// !$*UTF8*$!
{
	archiveVersion = 1;
	classes = {
	};
	objectVersion = 46;
	objects = {

/* Begin PBXBuildFile section */
		026F363D1827B69300F18384 /* Foundation.framework in Frameworks */ = {isa = PBXBuildFile; fileRef = 026F363C1827B69300F18384 /* Foundation.framework */; };
		026F363F1827B69300F18384 /* CoreGraphics.framework in Frameworks */ = {isa = PBXBuildFile; fileRef = 026F363E1827B69300F18384 /* CoreGraphics.framework */; };
		026F36411827B69300F18384 /* UIKit.framework in Frameworks */ = {isa = PBXBuildFile; fileRef = 026F36401827B69300F18384 /* UIKit.framework */; };
		026F36471827B69300F18384 /* InfoPlist.strings in Resources */ = {isa = PBXBuildFile; fileRef = 026F36451827B69300F18384 /* InfoPlist.strings */; };
		026F36491827B69300F18384 /* main.m in Sources */ = {isa = PBXBuildFile; fileRef = 026F36481827B69300F18384 /* main.m */; };
		026F364D1827B69300F18384 /* AppDelegate.m in Sources */ = {isa = PBXBuildFile; fileRef = 026F364C1827B69300F18384 /* AppDelegate.m */; };
		026F364F1827B69300F18384 /* Images.xcassets in Resources */ = {isa = PBXBuildFile; fileRef = 026F364E1827B69300F18384 /* Images.xcassets */; };
		026F36561827B69300F18384 /* XCTest.framework in Frameworks */ = {isa = PBXBuildFile; fileRef = 026F36551827B69300F18384 /* XCTest.framework */; };
		026F36571827B69300F18384 /* Foundation.framework in Frameworks */ = {isa = PBXBuildFile; fileRef = 026F363C1827B69300F18384 /* Foundation.framework */; };
		026F36581827B69300F18384 /* UIKit.framework in Frameworks */ = {isa = PBXBuildFile; fileRef = 026F36401827B69300F18384 /* UIKit.framework */; };
		026F36601827B69300F18384 /* InfoPlist.strings in Resources */ = {isa = PBXBuildFile; fileRef = 026F365E1827B69300F18384 /* InfoPlist.strings */; };
		026F36621827B69300F18384 /* askTests.m in Sources */ = {isa = PBXBuildFile; fileRef = 026F36611827B69300F18384 /* askTests.m */; };
		02BAFECB1827BB5400671011 /* HomeViewController.m in Sources */ = {isa = PBXBuildFile; fileRef = 02BAFEC91827BB5400671011 /* HomeViewController.m */; };
		02BAFECC1827BB5400671011 /* HomeViewController.xib in Resources */ = {isa = PBXBuildFile; fileRef = 02BAFECA1827BB5400671011 /* HomeViewController.xib */; };
		02BAFECE1827E2F400671011 /* tmall.jpg in Resources */ = {isa = PBXBuildFile; fileRef = 02BAFECD1827E2F400671011 /* tmall.jpg */; };
		31F081882BAD42BA826719D3 /* libPods.a in Frameworks */ = {isa = PBXBuildFile; fileRef = CA19E7C83CD14932BAEC5723 /* libPods.a */; };
/* End PBXBuildFile section */

/* Begin PBXContainerItemProxy section */
		026F36591827B69300F18384 /* PBXContainerItemProxy */ = {
			isa = PBXContainerItemProxy;
			containerPortal = 026F36311827B69300F18384 /* Project object */;
			proxyType = 1;
			remoteGlobalIDString = 026F36381827B69300F18384;
			remoteInfo = ask;
		};
/* End PBXContainerItemProxy section */

/* Begin PBXFileReference section */
		026F36391827B69300F18384 /* ask.app */ = {isa = PBXFileReference; explicitFileType = wrapper.application; includeInIndex = 0; path = ask.app; sourceTree = BUILT_PRODUCTS_DIR; };
		026F363C1827B69300F18384 /* Foundation.framework */ = {isa = PBXFileReference; lastKnownFileType = wrapper.framework; name = Foundation.framework; path = System/Library/Frameworks/Foundation.framework; sourceTree = SDKROOT; };
		026F363E1827B69300F18384 /* CoreGraphics.framework */ = {isa = PBXFileReference; lastKnownFileType = wrapper.framework; name = CoreGraphics.framework; path = System/Library/Frameworks/CoreGraphics.framework; sourceTree = SDKROOT; };
		026F36401827B69300F18384 /* UIKit.framework */ = {isa = PBXFileReference; lastKnownFileType = wrapper.framework; name = UIKit.framework; path = System/Library/Frameworks/UIKit.framework; sourceTree = SDKROOT; };
		026F36441827B69300F18384 /* ask-Info.plist */ = {isa = PBXFileReference; lastKnownFileType = text.plist.xml; path = "ask-Info.plist"; sourceTree = "<group>"; };
		026F36461827B69300F18384 /* en */ = {isa = PBXFileReference; lastKnownFileType = text.plist.strings; name = en; path = en.lproj/InfoPlist.strings; sourceTree = "<group>"; };
		026F36481827B69300F18384 /* main.m */ = {isa = PBXFileReference; lastKnownFileType = sourcecode.c.objc; path = main.m; sourceTree = "<group>"; };
		026F364A1827B69300F18384 /* ask-Prefix.pch */ = {isa = PBXFileReference; lastKnownFileType = sourcecode.c.h; path = "ask-Prefix.pch"; sourceTree = "<group>"; };
		026F364B1827B69300F18384 /* AppDelegate.h */ = {isa = PBXFileReference; lastKnownFileType = sourcecode.c.h; path = AppDelegate.h; sourceTree = "<group>"; };
		026F364C1827B69300F18384 /* AppDelegate.m */ = {isa = PBXFileReference; lastKnownFileType = sourcecode.c.objc; path = AppDelegate.m; sourceTree = "<group>"; };
		026F364E1827B69300F18384 /* Images.xcassets */ = {isa = PBXFileReference; lastKnownFileType = folder.assetcatalog; path = Images.xcassets; sourceTree = "<group>"; };
		026F36541827B69300F18384 /* askTests.xctest */ = {isa = PBXFileReference; explicitFileType = wrapper.cfbundle; includeInIndex = 0; path = askTests.xctest; sourceTree = BUILT_PRODUCTS_DIR; };
		026F36551827B69300F18384 /* XCTest.framework */ = {isa = PBXFileReference; lastKnownFileType = wrapper.framework; name = XCTest.framework; path = Library/Frameworks/XCTest.framework; sourceTree = DEVELOPER_DIR; };
		026F365D1827B69300F18384 /* askTests-Info.plist */ = {isa = PBXFileReference; lastKnownFileType = text.plist.xml; path = "askTests-Info.plist"; sourceTree = "<group>"; };
		026F365F1827B69300F18384 /* en */ = {isa = PBXFileReference; lastKnownFileType = text.plist.strings; name = en; path = en.lproj/InfoPlist.strings; sourceTree = "<group>"; };
		026F36611827B69300F18384 /* askTests.m */ = {isa = PBXFileReference; lastKnownFileType = sourcecode.c.objc; path = askTests.m; sourceTree = "<group>"; };
		02BAFEC81827BB5400671011 /* HomeViewController.h */ = {isa = PBXFileReference; fileEncoding = 4; lastKnownFileType = sourcecode.c.h; path = HomeViewController.h; sourceTree = "<group>"; };
		02BAFEC91827BB5400671011 /* HomeViewController.m */ = {isa = PBXFileReference; fileEncoding = 4; lastKnownFileType = sourcecode.c.objc; path = HomeViewController.m; sourceTree = "<group>"; };
		02BAFECA1827BB5400671011 /* HomeViewController.xib */ = {isa = PBXFileReference; fileEncoding = 4; lastKnownFileType = file.xib; path = HomeViewController.xib; sourceTree = "<group>"; };
		02BAFECD1827E2F400671011 /* tmall.jpg */ = {isa = PBXFileReference; lastKnownFileType = image.jpeg; path = tmall.jpg; sourceTree = "<group>"; };
		CA19E7C83CD14932BAEC5723 /* libPods.a */ = {isa = PBXFileReference; explicitFileType = archive.ar; includeInIndex = 0; path = libPods.a; sourceTree = BUILT_PRODUCTS_DIR; };
		F472C230BAD3404CB43DE208 /* Pods.xcconfig */ = {isa = PBXFileReference; includeInIndex = 1; lastKnownFileType = text.xcconfig; name = Pods.xcconfig; path = Pods/Pods.xcconfig; sourceTree = SOURCE_ROOT; };
/* End PBXFileReference section */

/* Begin PBXFrameworksBuildPhase section */
		026F36361827B69300F18384 /* Frameworks */ = {
			isa = PBXFrameworksBuildPhase;
			buildActionMask = 2147483647;
			files = (
				026F363F1827B69300F18384 /* CoreGraphics.framework in Frameworks */,
				026F36411827B69300F18384 /* UIKit.framework in Frameworks */,
				026F363D1827B69300F18384 /* Foundation.framework in Frameworks */,
				31F081882BAD42BA826719D3 /* libPods.a in Frameworks */,
			);
			runOnlyForDeploymentPostprocessing = 0;
		};
		026F36511827B69300F18384 /* Frameworks */ = {
			isa = PBXFrameworksBuildPhase;
			buildActionMask = 2147483647;
			files = (
				026F36561827B69300F18384 /* XCTest.framework in Frameworks */,
				026F36581827B69300F18384 /* UIKit.framework in Frameworks */,
				026F36571827B69300F18384 /* Foundation.framework in Frameworks */,
			);
			runOnlyForDeploymentPostprocessing = 0;
		};
/* End PBXFrameworksBuildPhase section */

/* Begin PBXGroup section */
		026F36301827B69300F18384 = {
			isa = PBXGroup;
			children = (
				026F36421827B69300F18384 /* ask */,
				026F365B1827B69300F18384 /* askTests */,
				026F363B1827B69300F18384 /* Frameworks */,
				026F363A1827B69300F18384 /* Products */,
				F472C230BAD3404CB43DE208 /* Pods.xcconfig */,
			);
			sourceTree = "<group>";
		};
		026F363A1827B69300F18384 /* Products */ = {
			isa = PBXGroup;
			children = (
				026F36391827B69300F18384 /* ask.app */,
				026F36541827B69300F18384 /* askTests.xctest */,
			);
			name = Products;
			sourceTree = "<group>";
		};
		026F363B1827B69300F18384 /* Frameworks */ = {
			isa = PBXGroup;
			children = (
				026F363C1827B69300F18384 /* Foundation.framework */,
				026F363E1827B69300F18384 /* CoreGraphics.framework */,
				026F36401827B69300F18384 /* UIKit.framework */,
				026F36551827B69300F18384 /* XCTest.framework */,
				CA19E7C83CD14932BAEC5723 /* libPods.a */,
			);
			name = Frameworks;
			sourceTree = "<group>";
		};
		026F36421827B69300F18384 /* ask */ = {
			isa = PBXGroup;
			children = (
				026F364B1827B69300F18384 /* AppDelegate.h */,
				026F364C1827B69300F18384 /* AppDelegate.m */,
				026F364E1827B69300F18384 /* Images.xcassets */,
				026F36431827B69300F18384 /* Supporting Files */,
				02BAFEC81827BB5400671011 /* HomeViewController.h */,
				02BAFEC91827BB5400671011 /* HomeViewController.m */,
				02BAFECA1827BB5400671011 /* HomeViewController.xib */,
			);
			path = ask;
			sourceTree = "<group>";
		};
		026F36431827B69300F18384 /* Supporting Files */ = {
			isa = PBXGroup;
			children = (
				02BAFECD1827E2F400671011 /* tmall.jpg */,
				026F36441827B69300F18384 /* ask-Info.plist */,
				026F36451827B69300F18384 /* InfoPlist.strings */,
				026F36481827B69300F18384 /* main.m */,
				026F364A1827B69300F18384 /* ask-Prefix.pch */,
			);
			name = "Supporting Files";
			sourceTree = "<group>";
		};
		026F365B1827B69300F18384 /* askTests */ = {
			isa = PBXGroup;
			children = (
				026F36611827B69300F18384 /* askTests.m */,
				026F365C1827B69300F18384 /* Supporting Files */,
			);
			path = askTests;
			sourceTree = "<group>";
		};
		026F365C1827B69300F18384 /* Supporting Files */ = {
			isa = PBXGroup;
			children = (
				026F365D1827B69300F18384 /* askTests-Info.plist */,
				026F365E1827B69300F18384 /* InfoPlist.strings */,
			);
			name = "Supporting Files";
			sourceTree = "<group>";
		};
/* End PBXGroup section */

/* Begin PBXNativeTarget section */
		026F36381827B69300F18384 /* ask */ = {
			isa = PBXNativeTarget;
			buildConfigurationList = 026F36651827B69300F18384 /* Build configuration list for PBXNativeTarget "ask" */;
			buildPhases = (
				EB4B97790BA743849F562B52 /* Check Pods Manifest.lock */,
				026F36351827B69300F18384 /* Sources */,
				026F36361827B69300F18384 /* Frameworks */,
				026F36371827B69300F18384 /* Resources */,
				2A9C56BC29134F2EBB27E8AA /* Copy Pods Resources */,
			);
			buildRules = (
			);
			dependencies = (
			);
			name = ask;
			productName = ask;
			productReference = 026F36391827B69300F18384 /* ask.app */;
			productType = "com.apple.product-type.application";
		};
		026F36531827B69300F18384 /* askTests */ = {
			isa = PBXNativeTarget;
			buildConfigurationList = 026F36681827B69300F18384 /* Build configuration list for PBXNativeTarget "askTests" */;
			buildPhases = (
				026F36501827B69300F18384 /* Sources */,
				026F36511827B69300F18384 /* Frameworks */,
				026F36521827B69300F18384 /* Resources */,
			);
			buildRules = (
			);
			dependencies = (
				026F365A1827B69300F18384 /* PBXTargetDependency */,
			);
			name = askTests;
			productName = askTests;
			productReference = 026F36541827B69300F18384 /* askTests.xctest */;
			productType = "com.apple.product-type.bundle.unit-test";
		};
/* End PBXNativeTarget section */

/* Begin PBXProject section */
		026F36311827B69300F18384 /* Project object */ = {
			isa = PBXProject;
			attributes = {
				LastUpgradeCheck = 0500;
				ORGANIZATIONNAME = tongshibang;
				TargetAttributes = {
					026F36531827B69300F18384 = {
						TestTargetID = 026F36381827B69300F18384;
					};
				};
			};
			buildConfigurationList = 026F36341827B69300F18384 /* Build configuration list for PBXProject "ask" */;
			compatibilityVersion = "Xcode 3.2";
			developmentRegion = English;
			hasScannedForEncodings = 0;
			knownRegions = (
				en,
			);
			mainGroup = 026F36301827B69300F18384;
			productRefGroup = 026F363A1827B69300F18384 /* Products */;
			projectDirPath = "";
			projectRoot = "";
			targets = (
				026F36381827B69300F18384 /* ask */,
				026F36531827B69300F18384 /* askTests */,
			);
		};
/* End PBXProject section */

/* Begin PBXResourcesBuildPhase section */
		026F36371827B69300F18384 /* Resources */ = {
			isa = PBXResourcesBuildPhase;
			buildActionMask = 2147483647;
			files = (
				026F36471827B69300F18384 /* InfoPlist.strings in Resources */,
				026F364F1827B69300F18384 /* Images.xcassets in Resources */,
				02BAFECE1827E2F400671011 /* tmall.jpg in Resources */,
				02BAFECC1827BB5400671011 /* HomeViewController.xib in Resources */,
			);
			runOnlyForDeploymentPostprocessing = 0;
		};
		026F36521827B69300F18384 /* Resources */ = {
			isa = PBXResourcesBuildPhase;
			buildActionMask = 2147483647;
			files = (
				026F36601827B69300F18384 /* InfoPlist.strings in Resources */,
			);
			runOnlyForDeploymentPostprocessing = 0;
		};
/* End PBXResourcesBuildPhase section */

/* Begin PBXShellScriptBuildPhase section */
		2A9C56BC29134F2EBB27E8AA /* Copy Pods Resources */ = {
			isa = PBXShellScriptBuildPhase;
			buildActionMask = 2147483647;
			files = (
			);
			inputPaths = (
			);
			name = "Copy Pods Resources";
			outputPaths = (
			);
			runOnlyForDeploymentPostprocessing = 0;
			shellPath = /bin/sh;
			shellScript = "\"${SRCROOT}/Pods/Pods-resources.sh\"\n";
			showEnvVarsInLog = 0;
		};
		EB4B97790BA743849F562B52 /* Check Pods Manifest.lock */ = {
			isa = PBXShellScriptBuildPhase;
			buildActionMask = 2147483647;
			files = (
			);
			inputPaths = (
			);
			name = "Check Pods Manifest.lock";
			outputPaths = (
			);
			runOnlyForDeploymentPostprocessing = 0;
			shellPath = /bin/sh;
			shellScript = "diff \"${PODS_ROOT}/../Podfile.lock\" \"${PODS_ROOT}/Manifest.lock\" > /dev/null\nif [[ $? != 0 ]] ; then\n    cat << EOM\nerror: The sandbox is not in sync with the Podfile.lock. Run 'pod install' or update your CocoaPods installation.\nEOM\n    exit 1\nfi\n";
			showEnvVarsInLog = 0;
		};
/* End PBXShellScriptBuildPhase section */

/* Begin PBXSourcesBuildPhase section */
		026F36351827B69300F18384 /* Sources */ = {
			isa = PBXSourcesBuildPhase;
			buildActionMask = 2147483647;
			files = (
				026F364D1827B69300F18384 /* AppDelegate.m in Sources */,
				026F36491827B69300F18384 /* main.m in Sources */,
				02BAFECB1827BB5400671011 /* HomeViewController.m in Sources */,
			);
			runOnlyForDeploymentPostprocessing = 0;
		};
		026F36501827B69300F18384 /* Sources */ = {
			isa = PBXSourcesBuildPhase;
			buildActionMask = 2147483647;
			files = (
				026F36621827B69300F18384 /* askTests.m in Sources */,
			);
			runOnlyForDeploymentPostprocessing = 0;
		};
/* End PBXSourcesBuildPhase section */

/* Begin PBXTargetDependency section */
		026F365A1827B69300F18384 /* PBXTargetDependency */ = {
			isa = PBXTargetDependency;
			target = 026F36381827B69300F18384 /* ask */;
			targetProxy = 026F36591827B69300F18384 /* PBXContainerItemProxy */;
		};
/* End PBXTargetDependency section */

/* Begin PBXVariantGroup section */
		026F36451827B69300F18384 /* InfoPlist.strings */ = {
			isa = PBXVariantGroup;
			children = (
				026F36461827B69300F18384 /* en */,
			);
			name = InfoPlist.strings;
			sourceTree = "<group>";
		};
		026F365E1827B69300F18384 /* InfoPlist.strings */ = {
			isa = PBXVariantGroup;
			children = (
				026F365F1827B69300F18384 /* en */,
			);
			name = InfoPlist.strings;
			sourceTree = "<group>";
		};
/* End PBXVariantGroup section */

/* Begin XCBuildConfiguration section */
		026F36631827B69300F18384 /* Debug */ = {
			isa = XCBuildConfiguration;
			buildSettings = {
				ALWAYS_SEARCH_USER_PATHS = NO;
				ARCHS = "$(ARCHS_STANDARD_INCLUDING_64_BIT)";
				CLANG_CXX_LANGUAGE_STANDARD = "gnu++0x";
				CLANG_CXX_LIBRARY = "libc++";
				CLANG_ENABLE_MODULES = YES;
				CLANG_ENABLE_OBJC_ARC = YES;
				CLANG_WARN_BOOL_CONVERSION = YES;
				CLANG_WARN_CONSTANT_CONVERSION = YES;
				CLANG_WARN_DIRECT_OBJC_ISA_USAGE = YES_ERROR;
				CLANG_WARN_EMPTY_BODY = YES;
				CLANG_WARN_ENUM_CONVERSION = YES;
				CLANG_WARN_INT_CONVERSION = YES;
				CLANG_WARN_OBJC_ROOT_CLASS = YES_ERROR;
				CLANG_WARN__DUPLICATE_METHOD_MATCH = YES;
				"CODE_SIGN_IDENTITY[sdk=iphoneos*]" = "iPhone Developer";
				COPY_PHASE_STRIP = NO;
				GCC_C_LANGUAGE_STANDARD = gnu99;
				GCC_DYNAMIC_NO_PIC = NO;
				GCC_OPTIMIZATION_LEVEL = 0;
				GCC_PREPROCESSOR_DEFINITIONS = (
					"DEBUG=1",
					"$(inherited)",
				);
				GCC_SYMBOLS_PRIVATE_EXTERN = NO;
				GCC_WARN_64_TO_32_BIT_CONVERSION = YES;
				GCC_WARN_ABOUT_RETURN_TYPE = YES_ERROR;
				GCC_WARN_UNDECLARED_SELECTOR = YES;
				GCC_WARN_UNINITIALIZED_AUTOS = YES;
				GCC_WARN_UNUSED_FUNCTION = YES;
				GCC_WARN_UNUSED_VARIABLE = YES;
				IPHONEOS_DEPLOYMENT_TARGET = 7.0;
				ONLY_ACTIVE_ARCH = YES;
				SDKROOT = iphoneos;
			};
			name = Debug;
		};
		026F36641827B69300F18384 /* Release */ = {
			isa = XCBuildConfiguration;
			buildSettings = {
				ALWAYS_SEARCH_USER_PATHS = NO;
				ARCHS = "$(ARCHS_STANDARD_INCLUDING_64_BIT)";
				CLANG_CXX_LANGUAGE_STANDARD = "gnu++0x";
				CLANG_CXX_LIBRARY = "libc++";
				CLANG_ENABLE_MODULES = YES;
				CLANG_ENABLE_OBJC_ARC = YES;
				CLANG_WARN_BOOL_CONVERSION = YES;
				CLANG_WARN_CONSTANT_CONVERSION = YES;
				CLANG_WARN_DIRECT_OBJC_ISA_USAGE = YES_ERROR;
				CLANG_WARN_EMPTY_BODY = YES;
				CLANG_WARN_ENUM_CONVERSION = YES;
				CLANG_WARN_INT_CONVERSION = YES;
				CLANG_WARN_OBJC_ROOT_CLASS = YES_ERROR;
				CLANG_WARN__DUPLICATE_METHOD_MATCH = YES;
				"CODE_SIGN_IDENTITY[sdk=iphoneos*]" = "iPhone Developer";
				COPY_PHASE_STRIP = YES;
				ENABLE_NS_ASSERTIONS = NO;
				GCC_C_LANGUAGE_STANDARD = gnu99;
				GCC_WARN_64_TO_32_BIT_CONVERSION = YES;
				GCC_WARN_ABOUT_RETURN_TYPE = YES_ERROR;
				GCC_WARN_UNDECLARED_SELECTOR = YES;
				GCC_WARN_UNINITIALIZED_AUTOS = YES;
				GCC_WARN_UNUSED_FUNCTION = YES;
				GCC_WARN_UNUSED_VARIABLE = YES;
				IPHONEOS_DEPLOYMENT_TARGET = 7.0;
				SDKROOT = iphoneos;
				VALIDATE_PRODUCT = YES;
			};
			name = Release;
		};
		026F36661827B69300F18384 /* Debug */ = {
			isa = XCBuildConfiguration;
			baseConfigurationReference = F472C230BAD3404CB43DE208 /* Pods.xcconfig */;
			buildSettings = {
				ASSETCATALOG_COMPILER_APPICON_NAME = AppIcon;
				ASSETCATALOG_COMPILER_LAUNCHIMAGE_NAME = LaunchImage;
				GCC_PRECOMPILE_PREFIX_HEADER = YES;
				GCC_PREFIX_HEADER = "ask/ask-Prefix.pch";
				INFOPLIST_FILE = "ask/ask-Info.plist";
				PRODUCT_NAME = "$(TARGET_NAME)";
				WRAPPER_EXTENSION = app;
			};
			name = Debug;
		};
		026F36671827B69300F18384 /* Release */ = {
			isa = XCBuildConfiguration;
			baseConfigurationReference = F472C230BAD3404CB43DE208 /* Pods.xcconfig */;
			buildSettings = {
				ASSETCATALOG_COMPILER_APPICON_NAME = AppIcon;
				ASSETCATALOG_COMPILER_LAUNCHIMAGE_NAME = LaunchImage;
				GCC_PRECOMPILE_PREFIX_HEADER = YES;
				GCC_PREFIX_HEADER = "ask/ask-Prefix.pch";
				INFOPLIST_FILE = "ask/ask-Info.plist";
				PRODUCT_NAME = "$(TARGET_NAME)";
				WRAPPER_EXTENSION = app;
			};
			name = Release;
		};
		026F36691827B69300F18384 /* Debug */ = {
			isa = XCBuildConfiguration;
			buildSettings = {
				ARCHS = "$(ARCHS_STANDARD_INCLUDING_64_BIT)";
				BUNDLE_LOADER = "$(BUILT_PRODUCTS_DIR)/ask.app/ask";
				FRAMEWORK_SEARCH_PATHS = (
					"$(SDKROOT)/Developer/Library/Frameworks",
					"$(inherited)",
					"$(DEVELOPER_FRAMEWORKS_DIR)",
				);
				GCC_PRECOMPILE_PREFIX_HEADER = YES;
				GCC_PREFIX_HEADER = "ask/ask-Prefix.pch";
				GCC_PREPROCESSOR_DEFINITIONS = (
					"DEBUG=1",
					"$(inherited)",
				);
				INFOPLIST_FILE = "askTests/askTests-Info.plist";
				PRODUCT_NAME = "$(TARGET_NAME)";
				TEST_HOST = "$(BUNDLE_LOADER)";
				WRAPPER_EXTENSION = xctest;
			};
			name = Debug;
		};
		026F366A1827B69300F18384 /* Release */ = {
			isa = XCBuildConfiguration;
			buildSettings = {
				ARCHS = "$(ARCHS_STANDARD_INCLUDING_64_BIT)";
				BUNDLE_LOADER = "$(BUILT_PRODUCTS_DIR)/ask.app/ask";
				FRAMEWORK_SEARCH_PATHS = (
					"$(SDKROOT)/Developer/Library/Frameworks",
					"$(inherited)",
					"$(DEVELOPER_FRAMEWORKS_DIR)",
				);
				GCC_PRECOMPILE_PREFIX_HEADER = YES;
				GCC_PREFIX_HEADER = "ask/ask-Prefix.pch";
				INFOPLIST_FILE = "askTests/askTests-Info.plist";
				PRODUCT_NAME = "$(TARGET_NAME)";
				TEST_HOST = "$(BUNDLE_LOADER)";
				WRAPPER_EXTENSION = xctest;
			};
			name = Release;
		};
/* End XCBuildConfiguration section */

/* Begin XCConfigurationList section */
		026F36341827B69300F18384 /* Build configuration list for PBXProject "ask" */ = {
			isa = XCConfigurationList;
			buildConfigurations = (
				026F36631827B69300F18384 /* Debug */,
				026F36641827B69300F18384 /* Release */,
			);
			defaultConfigurationIsVisible = 0;
			defaultConfigurationName = Release;
		};
		026F36651827B69300F18384 /* Build configuration list for PBXNativeTarget "ask" */ = {
			isa = XCConfigurationList;
			buildConfigurations = (
				026F36661827B69300F18384 /* Debug */,
				026F36671827B69300F18384 /* Release */,
			);
			defaultConfigurationIsVisible = 0;
			defaultConfigurationName = Release;
		};
		026F36681827B69300F18384 /* Build configuration list for PBXNativeTarget "askTests" */ = {
			isa = XCConfigurationList;
			buildConfigurations = (
				026F36691827B69300F18384 /* Debug */,
				026F366A1827B69300F18384 /* Release */,
			);
			defaultConfigurationIsVisible = 0;
			defaultConfigurationName = Release;
		};
/* End XCConfigurationList section */
	};
	rootObject = 026F36311827B69300F18384 /* Project object */;
}
