// !$*UTF8*$!
{
	archiveVersion = 1;
	classes = {
	};
	objectVersion = 46;
	objects = {

/* Begin PBXBuildFile section */
		02098B0E1817BCC5001D0B51 /* NSDictionary+Json.m in Sources */ = {isa = PBXBuildFile; fileRef = 02098B0D1817BCC5001D0B51 /* NSDictionary+Json.m */; };
		02098B111817ED98001D0B51 /* testTableViewController.m in Sources */ = {isa = PBXBuildFile; fileRef = 02098B101817ED98001D0B51 /* testTableViewController.m */; };
		020D98F417E8A42800F8E1C2 /* MainWindow.xib in Resources */ = {isa = PBXBuildFile; fileRef = 020D98F317E8A42800F8E1C2 /* MainWindow.xib */; };
		020D98FC17E978C400F8E1C2 /* QuartzCore.framework in Frameworks */ = {isa = PBXBuildFile; fileRef = 020D98FB17E978C400F8E1C2 /* QuartzCore.framework */; };
		020D990417E9796500F8E1C2 /* FolderCoverView.m in Sources */ = {isa = PBXBuildFile; fileRef = 020D98FF17E9796500F8E1C2 /* FolderCoverView.m */; };
		020D990517E9796500F8E1C2 /* UIFolderTableView.m in Sources */ = {isa = PBXBuildFile; fileRef = 020D990117E9796500F8E1C2 /* UIFolderTableView.m */; };
		020D990617E9796500F8E1C2 /* UIView+screenshot.m in Sources */ = {isa = PBXBuildFile; fileRef = 020D990317E9796500F8E1C2 /* UIView+screenshot.m */; };
		020D990A17E979BB00F8E1C2 /* CateViewController.m in Sources */ = {isa = PBXBuildFile; fileRef = 020D990817E979BB00F8E1C2 /* CateViewController.m */; };
		020D990B17E979BB00F8E1C2 /* CateViewController.xib in Resources */ = {isa = PBXBuildFile; fileRef = 020D990917E979BB00F8E1C2 /* CateViewController.xib */; };
		020D991117E981A800F8E1C2 /* CateTableCell.m in Sources */ = {isa = PBXBuildFile; fileRef = 020D990E17E981A800F8E1C2 /* CateTableCell.m */; };
		020D991217E981A800F8E1C2 /* HZNavigationBar.m in Sources */ = {isa = PBXBuildFile; fileRef = 020D991017E981A800F8E1C2 /* HZNavigationBar.m */; };
		0210E6B717EA05FF003068AF /* cate_ly.png in Resources */ = {isa = PBXBuildFile; fileRef = 0210E6B617EA05FF003068AF /* cate_ly.png */; };
		0223A1B01811387000E2D957 /* background.png in Resources */ = {isa = PBXBuildFile; fileRef = 0223A1AE1811387000E2D957 /* background.png */; };
		0223A1B11811387000E2D957 /* background@2x.png in Resources */ = {isa = PBXBuildFile; fileRef = 0223A1AF1811387000E2D957 /* background@2x.png */; };
		0223A1B318113AEA00E2D957 /* pop_bg@2x.png in Resources */ = {isa = PBXBuildFile; fileRef = 0223A1B218113AEA00E2D957 /* pop_bg@2x.png */; };
		0223A1B71811547C00E2D957 /* pop_bg.png in Resources */ = {isa = PBXBuildFile; fileRef = 0223A1B61811547C00E2D957 /* pop_bg.png */; };
		027A3D9718138B9900A6EF0A /* icon_chat.png in Resources */ = {isa = PBXBuildFile; fileRef = 027A3D9518138B9900A6EF0A /* icon_chat.png */; };
		027A3D9818138B9900A6EF0A /* icon_chat@2x.png in Resources */ = {isa = PBXBuildFile; fileRef = 027A3D9618138B9900A6EF0A /* icon_chat@2x.png */; };
		027A3DA3181392C400A6EF0A /* btn_reply.png in Resources */ = {isa = PBXBuildFile; fileRef = 027A3DA1181392C400A6EF0A /* btn_reply.png */; };
		027A3DA4181392C400A6EF0A /* btn_reply@2x.png in Resources */ = {isa = PBXBuildFile; fileRef = 027A3DA2181392C400A6EF0A /* btn_reply@2x.png */; };
		028594EE1810E7B10000B4AC /* msg_bg.png in Resources */ = {isa = PBXBuildFile; fileRef = 028594ED1810E7B10000B4AC /* msg_bg.png */; };
		029C49F9180E8F3000A92166 /* PostListTableCell.m in Sources */ = {isa = PBXBuildFile; fileRef = 029C49F8180E8F3000A92166 /* PostListTableCell.m */; };
		02A3B24717E9A96600205D10 /* tmall_bg_furley.png in Resources */ = {isa = PBXBuildFile; fileRef = 02A3B24617E9A96600205D10 /* tmall_bg_furley.png */; };
		02A3B24B17E9B6AF00205D10 /* SubCateViewController.m in Sources */ = {isa = PBXBuildFile; fileRef = 02A3B24917E9B6AE00205D10 /* SubCateViewController.m */; };
		02A3B24C17E9B6AF00205D10 /* SubCateViewController.xib in Resources */ = {isa = PBXBuildFile; fileRef = 02A3B24A17E9B6AE00205D10 /* SubCateViewController.xib */; };
		02A3B24E17E9C8B900205D10 /* cates.plist in Resources */ = {isa = PBXBuildFile; fileRef = 02A3B24D17E9C8B900205D10 /* cates.plist */; };
		02A3B25217E9E2D100205D10 /* cate_pt.png in Resources */ = {isa = PBXBuildFile; fileRef = 02A3B25117E9E2D100205D10 /* cate_pt.png */; };
		02A3B25617E9E42800205D10 /* cate_bd.png in Resources */ = {isa = PBXBuildFile; fileRef = 02A3B25417E9E42800205D10 /* cate_bd.png */; };
		02A3B25717E9E42800205D10 /* cate_bd@2x.png in Resources */ = {isa = PBXBuildFile; fileRef = 02A3B25517E9E42800205D10 /* cate_bd@2x.png */; };
		02AA3CDC17DA2ED200EC125D /* UIKit.framework in Frameworks */ = {isa = PBXBuildFile; fileRef = 02AA3CDB17DA2ED200EC125D /* UIKit.framework */; };
		02AA3CDE17DA2ED200EC125D /* Foundation.framework in Frameworks */ = {isa = PBXBuildFile; fileRef = 02AA3CDD17DA2ED200EC125D /* Foundation.framework */; };
		02AA3CE017DA2ED200EC125D /* CoreGraphics.framework in Frameworks */ = {isa = PBXBuildFile; fileRef = 02AA3CDF17DA2ED200EC125D /* CoreGraphics.framework */; };
		02AA3CE617DA2ED200EC125D /* InfoPlist.strings in Resources */ = {isa = PBXBuildFile; fileRef = 02AA3CE417DA2ED200EC125D /* InfoPlist.strings */; };
		02AA3CE817DA2ED200EC125D /* main.m in Sources */ = {isa = PBXBuildFile; fileRef = 02AA3CE717DA2ED200EC125D /* main.m */; };
		02AA3CEC17DA2ED200EC125D /* AppDelegate.m in Sources */ = {isa = PBXBuildFile; fileRef = 02AA3CEB17DA2ED200EC125D /* AppDelegate.m */; };
		02AA3CEE17DA2ED200EC125D /* Default.png in Resources */ = {isa = PBXBuildFile; fileRef = 02AA3CED17DA2ED200EC125D /* Default.png */; };
		02AA3CF017DA2ED200EC125D /* Default@2x.png in Resources */ = {isa = PBXBuildFile; fileRef = 02AA3CEF17DA2ED200EC125D /* Default@2x.png */; };
		02AA3CF217DA2ED200EC125D /* Default-568h@2x.png in Resources */ = {isa = PBXBuildFile; fileRef = 02AA3CF117DA2ED200EC125D /* Default-568h@2x.png */; };
		02AE0F3E17FAF9FE0048DD6E /* PostListViewController.m in Sources */ = {isa = PBXBuildFile; fileRef = 02AE0F3C17FAF9FE0048DD6E /* PostListViewController.m */; };
		02E3649617F7DAF60050FF31 /* cate_bed.png in Resources */ = {isa = PBXBuildFile; fileRef = 02E3649517F7DAF60050FF31 /* cate_bed.png */; };
		02E3649A17F859330050FF31 /* ThreadListViewController.m in Sources */ = {isa = PBXBuildFile; fileRef = 02E3649817F859330050FF31 /* ThreadListViewController.m */; };
		02E3649B17F859330050FF31 /* ThreadListViewController.xib in Resources */ = {isa = PBXBuildFile; fileRef = 02E3649917F859330050FF31 /* ThreadListViewController.xib */; };
		02E3649E17F8720D0050FF31 /* ThreadListTableCell.m in Sources */ = {isa = PBXBuildFile; fileRef = 02E3649D17F8720D0050FF31 /* ThreadListTableCell.m */; };
		02E364A117F882BF0050FF31 /* icon_comment.png in Resources */ = {isa = PBXBuildFile; fileRef = 02E3649F17F882BF0050FF31 /* icon_comment.png */; };
		02E364A217F882BF0050FF31 /* icon_clock.png in Resources */ = {isa = PBXBuildFile; fileRef = 02E364A017F882BF0050FF31 /* icon_clock.png */; };
		02E364A417F891990050FF31 /* logo.png in Resources */ = {isa = PBXBuildFile; fileRef = 02E364A317F891990050FF31 /* logo.png */; };
		02ECA3911816579800F6C406 /* MJRefresh.bundle in Resources */ = {isa = PBXBuildFile; fileRef = 02ECA3891816579800F6C406 /* MJRefresh.bundle */; };
		02ECA3921816579800F6C406 /* MJRefreshBaseView.m in Sources */ = {isa = PBXBuildFile; fileRef = 02ECA38C1816579800F6C406 /* MJRefreshBaseView.m */; };
		02ECA3931816579800F6C406 /* MJRefreshFooterView.m in Sources */ = {isa = PBXBuildFile; fileRef = 02ECA38E1816579800F6C406 /* MJRefreshFooterView.m */; };
		02ECA3941816579800F6C406 /* MJRefreshHeaderView.m in Sources */ = {isa = PBXBuildFile; fileRef = 02ECA3901816579800F6C406 /* MJRefreshHeaderView.m */; };
		02ECA39618165A4000F6C406 /* AudioToolbox.framework in Frameworks */ = {isa = PBXBuildFile; fileRef = 02ECA39518165A4000F6C406 /* AudioToolbox.framework */; };
		02ECA39818165A4800F6C406 /* AVFoundation.framework in Frameworks */ = {isa = PBXBuildFile; fileRef = 02ECA39718165A4800F6C406 /* AVFoundation.framework */; };
		2E5A7AD9D5894CDCAA70B055 /* libPods.a in Frameworks */ = {isa = PBXBuildFile; fileRef = CC6FC6EAAC834023BB5E3434 /* libPods.a */; };
/* End PBXBuildFile section */

/* Begin PBXFileReference section */
		02098B0C1817BCC5001D0B51 /* NSDictionary+Json.h */ = {isa = PBXFileReference; fileEncoding = 4; lastKnownFileType = sourcecode.c.h; path = "NSDictionary+Json.h"; sourceTree = "<group>"; };
		02098B0D1817BCC5001D0B51 /* NSDictionary+Json.m */ = {isa = PBXFileReference; fileEncoding = 4; lastKnownFileType = sourcecode.c.objc; path = "NSDictionary+Json.m"; sourceTree = "<group>"; };
		02098B0F1817ED98001D0B51 /* testTableViewController.h */ = {isa = PBXFileReference; fileEncoding = 4; lastKnownFileType = sourcecode.c.h; path = testTableViewController.h; sourceTree = "<group>"; };
		02098B101817ED98001D0B51 /* testTableViewController.m */ = {isa = PBXFileReference; fileEncoding = 4; lastKnownFileType = sourcecode.c.objc; path = testTableViewController.m; sourceTree = "<group>"; };
		020D98F317E8A42800F8E1C2 /* MainWindow.xib */ = {isa = PBXFileReference; fileEncoding = 4; lastKnownFileType = file.xib; path = MainWindow.xib; sourceTree = "<group>"; };
		020D98FB17E978C400F8E1C2 /* QuartzCore.framework */ = {isa = PBXFileReference; lastKnownFileType = wrapper.framework; name = QuartzCore.framework; path = System/Library/Frameworks/QuartzCore.framework; sourceTree = SDKROOT; };
		020D98FE17E9796500F8E1C2 /* FolderCoverView.h */ = {isa = PBXFileReference; fileEncoding = 4; lastKnownFileType = sourcecode.c.h; path = FolderCoverView.h; sourceTree = "<group>"; };
		020D98FF17E9796500F8E1C2 /* FolderCoverView.m */ = {isa = PBXFileReference; fileEncoding = 4; lastKnownFileType = sourcecode.c.objc; path = FolderCoverView.m; sourceTree = "<group>"; };
		020D990017E9796500F8E1C2 /* UIFolderTableView.h */ = {isa = PBXFileReference; fileEncoding = 4; lastKnownFileType = sourcecode.c.h; path = UIFolderTableView.h; sourceTree = "<group>"; };
		020D990117E9796500F8E1C2 /* UIFolderTableView.m */ = {isa = PBXFileReference; fileEncoding = 4; lastKnownFileType = sourcecode.c.objc; path = UIFolderTableView.m; sourceTree = "<group>"; };
		020D990217E9796500F8E1C2 /* UIView+screenshot.h */ = {isa = PBXFileReference; fileEncoding = 4; lastKnownFileType = sourcecode.c.h; path = "UIView+screenshot.h"; sourceTree = "<group>"; };
		020D990317E9796500F8E1C2 /* UIView+screenshot.m */ = {isa = PBXFileReference; fileEncoding = 4; lastKnownFileType = sourcecode.c.objc; path = "UIView+screenshot.m"; sourceTree = "<group>"; };
		020D990717E979BB00F8E1C2 /* CateViewController.h */ = {isa = PBXFileReference; fileEncoding = 4; lastKnownFileType = sourcecode.c.h; path = CateViewController.h; sourceTree = "<group>"; };
		020D990817E979BB00F8E1C2 /* CateViewController.m */ = {isa = PBXFileReference; fileEncoding = 4; lastKnownFileType = sourcecode.c.objc; path = CateViewController.m; sourceTree = "<group>"; };
		020D990917E979BB00F8E1C2 /* CateViewController.xib */ = {isa = PBXFileReference; fileEncoding = 4; lastKnownFileType = file.xib; path = CateViewController.xib; sourceTree = "<group>"; };
		020D990D17E981A800F8E1C2 /* CateTableCell.h */ = {isa = PBXFileReference; fileEncoding = 4; lastKnownFileType = sourcecode.c.h; path = CateTableCell.h; sourceTree = "<group>"; };
		020D990E17E981A800F8E1C2 /* CateTableCell.m */ = {isa = PBXFileReference; fileEncoding = 4; lastKnownFileType = sourcecode.c.objc; path = CateTableCell.m; sourceTree = "<group>"; };
		020D990F17E981A800F8E1C2 /* HZNavigationBar.h */ = {isa = PBXFileReference; fileEncoding = 4; lastKnownFileType = sourcecode.c.h; path = HZNavigationBar.h; sourceTree = "<group>"; };
		020D991017E981A800F8E1C2 /* HZNavigationBar.m */ = {isa = PBXFileReference; fileEncoding = 4; lastKnownFileType = sourcecode.c.objc; path = HZNavigationBar.m; sourceTree = "<group>"; };
		0210E6B617EA05FF003068AF /* cate_ly.png */ = {isa = PBXFileReference; lastKnownFileType = image.png; path = cate_ly.png; sourceTree = "<group>"; };
		0223A1AE1811387000E2D957 /* background.png */ = {isa = PBXFileReference; lastKnownFileType = image.png; path = background.png; sourceTree = "<group>"; };
		0223A1AF1811387000E2D957 /* background@2x.png */ = {isa = PBXFileReference; lastKnownFileType = image.png; path = "background@2x.png"; sourceTree = "<group>"; };
		0223A1B218113AEA00E2D957 /* pop_bg@2x.png */ = {isa = PBXFileReference; lastKnownFileType = image.png; path = "pop_bg@2x.png"; sourceTree = "<group>"; };
		0223A1B61811547C00E2D957 /* pop_bg.png */ = {isa = PBXFileReference; lastKnownFileType = image.png; path = pop_bg.png; sourceTree = "<group>"; };
		027A3D9518138B9900A6EF0A /* icon_chat.png */ = {isa = PBXFileReference; lastKnownFileType = image.png; path = icon_chat.png; sourceTree = "<group>"; };
		027A3D9618138B9900A6EF0A /* icon_chat@2x.png */ = {isa = PBXFileReference; lastKnownFileType = image.png; path = "icon_chat@2x.png"; sourceTree = "<group>"; };
		027A3DA1181392C400A6EF0A /* btn_reply.png */ = {isa = PBXFileReference; lastKnownFileType = image.png; path = btn_reply.png; sourceTree = "<group>"; };
		027A3DA2181392C400A6EF0A /* btn_reply@2x.png */ = {isa = PBXFileReference; lastKnownFileType = image.png; path = "btn_reply@2x.png"; sourceTree = "<group>"; };
		028594ED1810E7B10000B4AC /* msg_bg.png */ = {isa = PBXFileReference; lastKnownFileType = image.png; path = msg_bg.png; sourceTree = "<group>"; };
		029C49F7180E8F3000A92166 /* PostListTableCell.h */ = {isa = PBXFileReference; fileEncoding = 4; lastKnownFileType = sourcecode.c.h; path = PostListTableCell.h; sourceTree = "<group>"; };
		029C49F8180E8F3000A92166 /* PostListTableCell.m */ = {isa = PBXFileReference; fileEncoding = 4; lastKnownFileType = sourcecode.c.objc; path = PostListTableCell.m; sourceTree = "<group>"; };
		02A3B24617E9A96600205D10 /* tmall_bg_furley.png */ = {isa = PBXFileReference; lastKnownFileType = image.png; path = tmall_bg_furley.png; sourceTree = "<group>"; };
		02A3B24817E9B6AE00205D10 /* SubCateViewController.h */ = {isa = PBXFileReference; fileEncoding = 4; lastKnownFileType = sourcecode.c.h; path = SubCateViewController.h; sourceTree = "<group>"; };
		02A3B24917E9B6AE00205D10 /* SubCateViewController.m */ = {isa = PBXFileReference; fileEncoding = 4; lastKnownFileType = sourcecode.c.objc; path = SubCateViewController.m; sourceTree = "<group>"; };
		02A3B24A17E9B6AE00205D10 /* SubCateViewController.xib */ = {isa = PBXFileReference; fileEncoding = 4; lastKnownFileType = file.xib; path = SubCateViewController.xib; sourceTree = "<group>"; };
		02A3B24D17E9C8B900205D10 /* cates.plist */ = {isa = PBXFileReference; fileEncoding = 4; lastKnownFileType = text.plist.xml; path = cates.plist; sourceTree = "<group>"; };
		02A3B25117E9E2D100205D10 /* cate_pt.png */ = {isa = PBXFileReference; lastKnownFileType = image.png; path = cate_pt.png; sourceTree = "<group>"; };
		02A3B25417E9E42800205D10 /* cate_bd.png */ = {isa = PBXFileReference; lastKnownFileType = image.png; path = cate_bd.png; sourceTree = "<group>"; };
		02A3B25517E9E42800205D10 /* cate_bd@2x.png */ = {isa = PBXFileReference; lastKnownFileType = image.png; path = "cate_bd@2x.png"; sourceTree = "<group>"; };
		02AA3CD817DA2ED200EC125D /* ipapp.app */ = {isa = PBXFileReference; explicitFileType = wrapper.application; includeInIndex = 0; path = ipapp.app; sourceTree = BUILT_PRODUCTS_DIR; };
		02AA3CDB17DA2ED200EC125D /* UIKit.framework */ = {isa = PBXFileReference; lastKnownFileType = wrapper.framework; name = UIKit.framework; path = System/Library/Frameworks/UIKit.framework; sourceTree = SDKROOT; };
		02AA3CDD17DA2ED200EC125D /* Foundation.framework */ = {isa = PBXFileReference; lastKnownFileType = wrapper.framework; name = Foundation.framework; path = System/Library/Frameworks/Foundation.framework; sourceTree = SDKROOT; };
		02AA3CDF17DA2ED200EC125D /* CoreGraphics.framework */ = {isa = PBXFileReference; lastKnownFileType = wrapper.framework; name = CoreGraphics.framework; path = System/Library/Frameworks/CoreGraphics.framework; sourceTree = SDKROOT; };
		02AA3CE317DA2ED200EC125D /* ipapp-Info.plist */ = {isa = PBXFileReference; lastKnownFileType = text.plist.xml; path = "ipapp-Info.plist"; sourceTree = "<group>"; };
		02AA3CE517DA2ED200EC125D /* en */ = {isa = PBXFileReference; lastKnownFileType = text.plist.strings; name = en; path = en.lproj/InfoPlist.strings; sourceTree = "<group>"; };
		02AA3CE717DA2ED200EC125D /* main.m */ = {isa = PBXFileReference; lastKnownFileType = sourcecode.c.objc; path = main.m; sourceTree = "<group>"; };
		02AA3CE917DA2ED200EC125D /* ipapp-Prefix.pch */ = {isa = PBXFileReference; lastKnownFileType = sourcecode.c.h; path = "ipapp-Prefix.pch"; sourceTree = "<group>"; };
		02AA3CEA17DA2ED200EC125D /* AppDelegate.h */ = {isa = PBXFileReference; lastKnownFileType = sourcecode.c.h; path = AppDelegate.h; sourceTree = "<group>"; };
		02AA3CEB17DA2ED200EC125D /* AppDelegate.m */ = {isa = PBXFileReference; lastKnownFileType = sourcecode.c.objc; path = AppDelegate.m; sourceTree = "<group>"; };
		02AA3CED17DA2ED200EC125D /* Default.png */ = {isa = PBXFileReference; lastKnownFileType = image.png; path = Default.png; sourceTree = "<group>"; };
		02AA3CEF17DA2ED200EC125D /* Default@2x.png */ = {isa = PBXFileReference; lastKnownFileType = image.png; path = "Default@2x.png"; sourceTree = "<group>"; };
		02AA3CF117DA2ED200EC125D /* Default-568h@2x.png */ = {isa = PBXFileReference; lastKnownFileType = image.png; path = "Default-568h@2x.png"; sourceTree = "<group>"; };
		02AE0F3717FAF5070048DD6E /* common.h */ = {isa = PBXFileReference; lastKnownFileType = sourcecode.c.h; path = common.h; sourceTree = "<group>"; };
		02AE0F3B17FAF9FE0048DD6E /* PostListViewController.h */ = {isa = PBXFileReference; fileEncoding = 4; lastKnownFileType = sourcecode.c.h; path = PostListViewController.h; sourceTree = "<group>"; };
		02AE0F3C17FAF9FE0048DD6E /* PostListViewController.m */ = {isa = PBXFileReference; fileEncoding = 4; lastKnownFileType = sourcecode.c.objc; path = PostListViewController.m; sourceTree = "<group>"; };
		02E3649517F7DAF60050FF31 /* cate_bed.png */ = {isa = PBXFileReference; lastKnownFileType = image.png; path = cate_bed.png; sourceTree = "<group>"; };
		02E3649717F859330050FF31 /* ThreadListViewController.h */ = {isa = PBXFileReference; fileEncoding = 4; lastKnownFileType = sourcecode.c.h; path = ThreadListViewController.h; sourceTree = "<group>"; };
		02E3649817F859330050FF31 /* ThreadListViewController.m */ = {isa = PBXFileReference; fileEncoding = 4; lastKnownFileType = sourcecode.c.objc; path = ThreadListViewController.m; sourceTree = "<group>"; };
		02E3649917F859330050FF31 /* ThreadListViewController.xib */ = {isa = PBXFileReference; fileEncoding = 4; lastKnownFileType = file.xib; path = ThreadListViewController.xib; sourceTree = "<group>"; };
		02E3649C17F8720D0050FF31 /* ThreadListTableCell.h */ = {isa = PBXFileReference; fileEncoding = 4; lastKnownFileType = sourcecode.c.h; path = ThreadListTableCell.h; sourceTree = "<group>"; };
		02E3649D17F8720D0050FF31 /* ThreadListTableCell.m */ = {isa = PBXFileReference; fileEncoding = 4; lastKnownFileType = sourcecode.c.objc; path = ThreadListTableCell.m; sourceTree = "<group>"; };
		02E3649F17F882BF0050FF31 /* icon_comment.png */ = {isa = PBXFileReference; lastKnownFileType = image.png; path = icon_comment.png; sourceTree = "<group>"; };
		02E364A017F882BF0050FF31 /* icon_clock.png */ = {isa = PBXFileReference; lastKnownFileType = image.png; path = icon_clock.png; sourceTree = "<group>"; };
		02E364A317F891990050FF31 /* logo.png */ = {isa = PBXFileReference; lastKnownFileType = image.png; path = logo.png; sourceTree = "<group>"; };
		02ECA3891816579800F6C406 /* MJRefresh.bundle */ = {isa = PBXFileReference; lastKnownFileType = "wrapper.plug-in"; path = MJRefresh.bundle; sourceTree = "<group>"; };
		02ECA38A1816579800F6C406 /* MJRefresh.h */ = {isa = PBXFileReference; fileEncoding = 4; lastKnownFileType = sourcecode.c.h; path = MJRefresh.h; sourceTree = "<group>"; };
		02ECA38B1816579800F6C406 /* MJRefreshBaseView.h */ = {isa = PBXFileReference; fileEncoding = 4; lastKnownFileType = sourcecode.c.h; path = MJRefreshBaseView.h; sourceTree = "<group>"; };
		02ECA38C1816579800F6C406 /* MJRefreshBaseView.m */ = {isa = PBXFileReference; fileEncoding = 4; lastKnownFileType = sourcecode.c.objc; path = MJRefreshBaseView.m; sourceTree = "<group>"; };
		02ECA38D1816579800F6C406 /* MJRefreshFooterView.h */ = {isa = PBXFileReference; fileEncoding = 4; lastKnownFileType = sourcecode.c.h; path = MJRefreshFooterView.h; sourceTree = "<group>"; };
		02ECA38E1816579800F6C406 /* MJRefreshFooterView.m */ = {isa = PBXFileReference; fileEncoding = 4; lastKnownFileType = sourcecode.c.objc; path = MJRefreshFooterView.m; sourceTree = "<group>"; };
		02ECA38F1816579800F6C406 /* MJRefreshHeaderView.h */ = {isa = PBXFileReference; fileEncoding = 4; lastKnownFileType = sourcecode.c.h; path = MJRefreshHeaderView.h; sourceTree = "<group>"; };
		02ECA3901816579800F6C406 /* MJRefreshHeaderView.m */ = {isa = PBXFileReference; fileEncoding = 4; lastKnownFileType = sourcecode.c.objc; path = MJRefreshHeaderView.m; sourceTree = "<group>"; };
		02ECA39518165A4000F6C406 /* AudioToolbox.framework */ = {isa = PBXFileReference; lastKnownFileType = wrapper.framework; name = AudioToolbox.framework; path = System/Library/Frameworks/AudioToolbox.framework; sourceTree = SDKROOT; };
		02ECA39718165A4800F6C406 /* AVFoundation.framework */ = {isa = PBXFileReference; lastKnownFileType = wrapper.framework; name = AVFoundation.framework; path = System/Library/Frameworks/AVFoundation.framework; sourceTree = SDKROOT; };
		CC6FC6EAAC834023BB5E3434 /* libPods.a */ = {isa = PBXFileReference; explicitFileType = archive.ar; includeInIndex = 0; path = libPods.a; sourceTree = BUILT_PRODUCTS_DIR; };
		F98B339802ED4CFEA904D540 /* Pods.xcconfig */ = {isa = PBXFileReference; includeInIndex = 1; lastKnownFileType = text.xcconfig; name = Pods.xcconfig; path = Pods/Pods.xcconfig; sourceTree = SOURCE_ROOT; };
/* End PBXFileReference section */

/* Begin PBXFrameworksBuildPhase section */
		02AA3CD517DA2ED200EC125D /* Frameworks */ = {
			isa = PBXFrameworksBuildPhase;
			buildActionMask = 2147483647;
			files = (
				02ECA39818165A4800F6C406 /* AVFoundation.framework in Frameworks */,
				02ECA39618165A4000F6C406 /* AudioToolbox.framework in Frameworks */,
				020D98FC17E978C400F8E1C2 /* QuartzCore.framework in Frameworks */,
				02AA3CDC17DA2ED200EC125D /* UIKit.framework in Frameworks */,
				02AA3CDE17DA2ED200EC125D /* Foundation.framework in Frameworks */,
				02AA3CE017DA2ED200EC125D /* CoreGraphics.framework in Frameworks */,
				2E5A7AD9D5894CDCAA70B055 /* libPods.a in Frameworks */,
			);
			runOnlyForDeploymentPostprocessing = 0;
		};
/* End PBXFrameworksBuildPhase section */

/* Begin PBXGroup section */
		020D98FD17E9796500F8E1C2 /* Floder */ = {
			isa = PBXGroup;
			children = (
				020D990C17E9816D00F8E1C2 /* ItemView */,
				020D98FE17E9796500F8E1C2 /* FolderCoverView.h */,
				020D98FF17E9796500F8E1C2 /* FolderCoverView.m */,
				020D990017E9796500F8E1C2 /* UIFolderTableView.h */,
				020D990117E9796500F8E1C2 /* UIFolderTableView.m */,
				020D990217E9796500F8E1C2 /* UIView+screenshot.h */,
				020D990317E9796500F8E1C2 /* UIView+screenshot.m */,
			);
			name = Floder;
			path = ../Floder;
			sourceTree = "<group>";
		};
		020D990C17E9816D00F8E1C2 /* ItemView */ = {
			isa = PBXGroup;
			children = (
				020D990D17E981A800F8E1C2 /* CateTableCell.h */,
				020D990E17E981A800F8E1C2 /* CateTableCell.m */,
				020D990F17E981A800F8E1C2 /* HZNavigationBar.h */,
				020D991017E981A800F8E1C2 /* HZNavigationBar.m */,
				02E3649C17F8720D0050FF31 /* ThreadListTableCell.h */,
				02E3649D17F8720D0050FF31 /* ThreadListTableCell.m */,
				029C49F7180E8F3000A92166 /* PostListTableCell.h */,
				029C49F8180E8F3000A92166 /* PostListTableCell.m */,
			);
			name = ItemView;
			sourceTree = "<group>";
		};
		0223A1B8181156DA00E2D957 /* ui */ = {
			isa = PBXGroup;
			children = (
				027A3DA1181392C400A6EF0A /* btn_reply.png */,
				027A3DA2181392C400A6EF0A /* btn_reply@2x.png */,
				027A3D9518138B9900A6EF0A /* icon_chat.png */,
				027A3D9618138B9900A6EF0A /* icon_chat@2x.png */,
				0223A1B61811547C00E2D957 /* pop_bg.png */,
				0223A1B218113AEA00E2D957 /* pop_bg@2x.png */,
				0223A1AE1811387000E2D957 /* background.png */,
				0223A1AF1811387000E2D957 /* background@2x.png */,
			);
			name = ui;
			sourceTree = "<group>";
		};
		02A3B25317E9E2D800205D10 /* icons */ = {
			isa = PBXGroup;
			children = (
				028594ED1810E7B10000B4AC /* msg_bg.png */,
				02E364A317F891990050FF31 /* logo.png */,
				02E3649F17F882BF0050FF31 /* icon_comment.png */,
				02E364A017F882BF0050FF31 /* icon_clock.png */,
				02E3649517F7DAF60050FF31 /* cate_bed.png */,
				0210E6B617EA05FF003068AF /* cate_ly.png */,
				02A3B25417E9E42800205D10 /* cate_bd.png */,
				02A3B25517E9E42800205D10 /* cate_bd@2x.png */,
				02A3B25117E9E2D100205D10 /* cate_pt.png */,
			);
			name = icons;
			sourceTree = "<group>";
		};
		02AA3CCF17DA2ED200EC125D = {
			isa = PBXGroup;
			children = (
				02AA3CE117DA2ED200EC125D /* ipapp */,
				02AA3CDA17DA2ED200EC125D /* Frameworks */,
				02AA3CD917DA2ED200EC125D /* Products */,
				F98B339802ED4CFEA904D540 /* Pods.xcconfig */,
			);
			sourceTree = "<group>";
		};
		02AA3CD917DA2ED200EC125D /* Products */ = {
			isa = PBXGroup;
			children = (
				02AA3CD817DA2ED200EC125D /* ipapp.app */,
			);
			name = Products;
			sourceTree = "<group>";
		};
		02AA3CDA17DA2ED200EC125D /* Frameworks */ = {
			isa = PBXGroup;
			children = (
				02ECA39718165A4800F6C406 /* AVFoundation.framework */,
				02ECA39518165A4000F6C406 /* AudioToolbox.framework */,
				020D98FB17E978C400F8E1C2 /* QuartzCore.framework */,
				02AA3CDB17DA2ED200EC125D /* UIKit.framework */,
				02AA3CDD17DA2ED200EC125D /* Foundation.framework */,
				02AA3CDF17DA2ED200EC125D /* CoreGraphics.framework */,
				CC6FC6EAAC834023BB5E3434 /* libPods.a */,
			);
			name = Frameworks;
			sourceTree = "<group>";
		};
		02AA3CE117DA2ED200EC125D /* ipapp */ = {
			isa = PBXGroup;
			children = (
				02ECA3881816579800F6C406 /* MJRefresh */,
				020D98FD17E9796500F8E1C2 /* Floder */,
				02AA3CEA17DA2ED200EC125D /* AppDelegate.h */,
				02AA3CEB17DA2ED200EC125D /* AppDelegate.m */,
				02AA3CE217DA2ED200EC125D /* Supporting Files */,
				020D98F317E8A42800F8E1C2 /* MainWindow.xib */,
				020D990717E979BB00F8E1C2 /* CateViewController.h */,
				020D990817E979BB00F8E1C2 /* CateViewController.m */,
				020D990917E979BB00F8E1C2 /* CateViewController.xib */,
				02A3B24817E9B6AE00205D10 /* SubCateViewController.h */,
				02A3B24917E9B6AE00205D10 /* SubCateViewController.m */,
				02098B0C1817BCC5001D0B51 /* NSDictionary+Json.h */,
				02098B0D1817BCC5001D0B51 /* NSDictionary+Json.m */,
				02A3B24A17E9B6AE00205D10 /* SubCateViewController.xib */,
				02E3649717F859330050FF31 /* ThreadListViewController.h */,
				02E3649817F859330050FF31 /* ThreadListViewController.m */,
				02098B0F1817ED98001D0B51 /* testTableViewController.h */,
				02098B101817ED98001D0B51 /* testTableViewController.m */,
				02E3649917F859330050FF31 /* ThreadListViewController.xib */,
				02AE0F3717FAF5070048DD6E /* common.h */,
				02AE0F3B17FAF9FE0048DD6E /* PostListViewController.h */,
				02AE0F3C17FAF9FE0048DD6E /* PostListViewController.m */,
			);
			path = ipapp;
			sourceTree = "<group>";
		};
		02AA3CE217DA2ED200EC125D /* Supporting Files */ = {
			isa = PBXGroup;
			children = (
				0223A1B8181156DA00E2D957 /* ui */,
				02A3B25317E9E2D800205D10 /* icons */,
				02A3B24617E9A96600205D10 /* tmall_bg_furley.png */,
				02AA3CE317DA2ED200EC125D /* ipapp-Info.plist */,
				02AA3CE417DA2ED200EC125D /* InfoPlist.strings */,
				02AA3CE717DA2ED200EC125D /* main.m */,
				02AA3CE917DA2ED200EC125D /* ipapp-Prefix.pch */,
				02AA3CED17DA2ED200EC125D /* Default.png */,
				02AA3CEF17DA2ED200EC125D /* Default@2x.png */,
				02AA3CF117DA2ED200EC125D /* Default-568h@2x.png */,
				02A3B24D17E9C8B900205D10 /* cates.plist */,
			);
			name = "Supporting Files";
			sourceTree = "<group>";
		};
		02ECA3881816579800F6C406 /* MJRefresh */ = {
			isa = PBXGroup;
			children = (
				02ECA3891816579800F6C406 /* MJRefresh.bundle */,
				02ECA38A1816579800F6C406 /* MJRefresh.h */,
				02ECA38B1816579800F6C406 /* MJRefreshBaseView.h */,
				02ECA38C1816579800F6C406 /* MJRefreshBaseView.m */,
				02ECA38D1816579800F6C406 /* MJRefreshFooterView.h */,
				02ECA38E1816579800F6C406 /* MJRefreshFooterView.m */,
				02ECA38F1816579800F6C406 /* MJRefreshHeaderView.h */,
				02ECA3901816579800F6C406 /* MJRefreshHeaderView.m */,
			);
			path = MJRefresh;
			sourceTree = "<group>";
		};
/* End PBXGroup section */

/* Begin PBXNativeTarget section */
		02AA3CD717DA2ED200EC125D /* ipapp */ = {
			isa = PBXNativeTarget;
			buildConfigurationList = 02AA3CF517DA2ED200EC125D /* Build configuration list for PBXNativeTarget "ipapp" */;
			buildPhases = (
				0D173B85D4F445C7BE2B7FA6 /* Check Pods Manifest.lock */,
				02AA3CD417DA2ED200EC125D /* Sources */,
				02AA3CD517DA2ED200EC125D /* Frameworks */,
				02AA3CD617DA2ED200EC125D /* Resources */,
				3178216FB69847108C587CBE /* Copy Pods Resources */,
			);
			buildRules = (
			);
			dependencies = (
			);
			name = ipapp;
			productName = ipapp;
			productReference = 02AA3CD817DA2ED200EC125D /* ipapp.app */;
			productType = "com.apple.product-type.application";
		};
/* End PBXNativeTarget section */

/* Begin PBXProject section */
		02AA3CD017DA2ED200EC125D /* Project object */ = {
			isa = PBXProject;
			attributes = {
				LastUpgradeCheck = 0460;
				ORGANIZATIONNAME = tongshibang;
			};
			buildConfigurationList = 02AA3CD317DA2ED200EC125D /* Build configuration list for PBXProject "ipapp" */;
			compatibilityVersion = "Xcode 3.2";
			developmentRegion = English;
			hasScannedForEncodings = 0;
			knownRegions = (
				en,
			);
			mainGroup = 02AA3CCF17DA2ED200EC125D;
			productRefGroup = 02AA3CD917DA2ED200EC125D /* Products */;
			projectDirPath = "";
			projectRoot = "";
			targets = (
				02AA3CD717DA2ED200EC125D /* ipapp */,
			);
		};
/* End PBXProject section */

/* Begin PBXResourcesBuildPhase section */
		02AA3CD617DA2ED200EC125D /* Resources */ = {
			isa = PBXResourcesBuildPhase;
			buildActionMask = 2147483647;
			files = (
				02AA3CE617DA2ED200EC125D /* InfoPlist.strings in Resources */,
				02AA3CEE17DA2ED200EC125D /* Default.png in Resources */,
				02E364A417F891990050FF31 /* logo.png in Resources */,
				02AA3CF017DA2ED200EC125D /* Default@2x.png in Resources */,
				027A3D9718138B9900A6EF0A /* icon_chat.png in Resources */,
				02AA3CF217DA2ED200EC125D /* Default-568h@2x.png in Resources */,
				020D98F417E8A42800F8E1C2 /* MainWindow.xib in Resources */,
				020D990B17E979BB00F8E1C2 /* CateViewController.xib in Resources */,
				02E3649617F7DAF60050FF31 /* cate_bed.png in Resources */,
				0223A1B01811387000E2D957 /* background.png in Resources */,
				02A3B24717E9A96600205D10 /* tmall_bg_furley.png in Resources */,
				0223A1B318113AEA00E2D957 /* pop_bg@2x.png in Resources */,
				028594EE1810E7B10000B4AC /* msg_bg.png in Resources */,
				02A3B24C17E9B6AF00205D10 /* SubCateViewController.xib in Resources */,
				027A3DA3181392C400A6EF0A /* btn_reply.png in Resources */,
				027A3DA4181392C400A6EF0A /* btn_reply@2x.png in Resources */,
				02A3B24E17E9C8B900205D10 /* cates.plist in Resources */,
				02A3B25217E9E2D100205D10 /* cate_pt.png in Resources */,
				027A3D9818138B9900A6EF0A /* icon_chat@2x.png in Resources */,
				02A3B25617E9E42800205D10 /* cate_bd.png in Resources */,
				02E3649B17F859330050FF31 /* ThreadListViewController.xib in Resources */,
				02A3B25717E9E42800205D10 /* cate_bd@2x.png in Resources */,
				02ECA3911816579800F6C406 /* MJRefresh.bundle in Resources */,
				02E364A117F882BF0050FF31 /* icon_comment.png in Resources */,
				0223A1B71811547C00E2D957 /* pop_bg.png in Resources */,
				0223A1B11811387000E2D957 /* background@2x.png in Resources */,
				02E364A217F882BF0050FF31 /* icon_clock.png in Resources */,
				0210E6B717EA05FF003068AF /* cate_ly.png in Resources */,
			);
			runOnlyForDeploymentPostprocessing = 0;
		};
/* End PBXResourcesBuildPhase section */

/* Begin PBXShellScriptBuildPhase section */
		0D173B85D4F445C7BE2B7FA6 /* Check Pods Manifest.lock */ = {
			isa = PBXShellScriptBuildPhase;
			buildActionMask = 2147483647;
			files = (
			);
			inputPaths = (
			);
			name = "Check Pods Manifest.lock";
			outputPaths = (
			);
			runOnlyForDeploymentPostprocessing = 0;
			shellPath = /bin/sh;
			shellScript = "diff \"${PODS_ROOT}/../Podfile.lock\" \"${PODS_ROOT}/Manifest.lock\" > /dev/null\nif [[ $? != 0 ]] ; then\n    cat << EOM\nerror: The sandbox is not in sync with the Podfile.lock. Run 'pod install' or update your CocoaPods installation.\nEOM\n    exit 1\nfi\n";
			showEnvVarsInLog = 0;
		};
		3178216FB69847108C587CBE /* Copy Pods Resources */ = {
			isa = PBXShellScriptBuildPhase;
			buildActionMask = 2147483647;
			files = (
			);
			inputPaths = (
			);
			name = "Copy Pods Resources";
			outputPaths = (
			);
			runOnlyForDeploymentPostprocessing = 0;
			shellPath = /bin/sh;
			shellScript = "\"${SRCROOT}/Pods/Pods-resources.sh\"\n";
			showEnvVarsInLog = 0;
		};
/* End PBXShellScriptBuildPhase section */

/* Begin PBXSourcesBuildPhase section */
		02AA3CD417DA2ED200EC125D /* Sources */ = {
			isa = PBXSourcesBuildPhase;
			buildActionMask = 2147483647;
			files = (
				02E3649A17F859330050FF31 /* ThreadListViewController.m in Sources */,
				02AA3CE817DA2ED200EC125D /* main.m in Sources */,
				02AA3CEC17DA2ED200EC125D /* AppDelegate.m in Sources */,
				020D990417E9796500F8E1C2 /* FolderCoverView.m in Sources */,
				020D990517E9796500F8E1C2 /* UIFolderTableView.m in Sources */,
				02098B111817ED98001D0B51 /* testTableViewController.m in Sources */,
				020D990617E9796500F8E1C2 /* UIView+screenshot.m in Sources */,
				020D990A17E979BB00F8E1C2 /* CateViewController.m in Sources */,
				020D991117E981A800F8E1C2 /* CateTableCell.m in Sources */,
				02AE0F3E17FAF9FE0048DD6E /* PostListViewController.m in Sources */,
				020D991217E981A800F8E1C2 /* HZNavigationBar.m in Sources */,
				02ECA3941816579800F6C406 /* MJRefreshHeaderView.m in Sources */,
				02ECA3921816579800F6C406 /* MJRefreshBaseView.m in Sources */,
				02E3649E17F8720D0050FF31 /* ThreadListTableCell.m in Sources */,
				02ECA3931816579800F6C406 /* MJRefreshFooterView.m in Sources */,
				02098B0E1817BCC5001D0B51 /* NSDictionary+Json.m in Sources */,
				02A3B24B17E9B6AF00205D10 /* SubCateViewController.m in Sources */,
				029C49F9180E8F3000A92166 /* PostListTableCell.m in Sources */,
			);
			runOnlyForDeploymentPostprocessing = 0;
		};
/* End PBXSourcesBuildPhase section */

/* Begin PBXVariantGroup section */
		02AA3CE417DA2ED200EC125D /* InfoPlist.strings */ = {
			isa = PBXVariantGroup;
			children = (
				02AA3CE517DA2ED200EC125D /* en */,
			);
			name = InfoPlist.strings;
			sourceTree = "<group>";
		};
/* End PBXVariantGroup section */

/* Begin XCBuildConfiguration section */
		02AA3CF317DA2ED200EC125D /* Debug */ = {
			isa = XCBuildConfiguration;
			buildSettings = {
				ALWAYS_SEARCH_USER_PATHS = NO;
				CLANG_CXX_LANGUAGE_STANDARD = "gnu++0x";
				CLANG_CXX_LIBRARY = "libc++";
				CLANG_WARN_CONSTANT_CONVERSION = YES;
				CLANG_WARN_EMPTY_BODY = YES;
				CLANG_WARN_ENUM_CONVERSION = YES;
				CLANG_WARN_INT_CONVERSION = YES;
				CLANG_WARN__DUPLICATE_METHOD_MATCH = YES;
				"CODE_SIGN_IDENTITY[sdk=iphoneos*]" = "iPhone Developer";
				COPY_PHASE_STRIP = NO;
				GCC_C_LANGUAGE_STANDARD = gnu99;
				GCC_DYNAMIC_NO_PIC = NO;
				GCC_OPTIMIZATION_LEVEL = 0;
				GCC_PREPROCESSOR_DEFINITIONS = (
					"DEBUG=1",
					"$(inherited)",
				);
				GCC_SYMBOLS_PRIVATE_EXTERN = NO;
				GCC_WARN_ABOUT_RETURN_TYPE = YES;
				GCC_WARN_UNINITIALIZED_AUTOS = YES;
				GCC_WARN_UNUSED_VARIABLE = YES;
				IPHONEOS_DEPLOYMENT_TARGET = 6.1;
				ONLY_ACTIVE_ARCH = YES;
				SDKROOT = iphoneos;
			};
			name = Debug;
		};
		02AA3CF417DA2ED200EC125D /* Release */ = {
			isa = XCBuildConfiguration;
			buildSettings = {
				ALWAYS_SEARCH_USER_PATHS = NO;
				CLANG_CXX_LANGUAGE_STANDARD = "gnu++0x";
				CLANG_CXX_LIBRARY = "libc++";
				CLANG_WARN_CONSTANT_CONVERSION = YES;
				CLANG_WARN_EMPTY_BODY = YES;
				CLANG_WARN_ENUM_CONVERSION = YES;
				CLANG_WARN_INT_CONVERSION = YES;
				CLANG_WARN__DUPLICATE_METHOD_MATCH = YES;
				"CODE_SIGN_IDENTITY[sdk=iphoneos*]" = "iPhone Developer";
				COPY_PHASE_STRIP = YES;
				GCC_C_LANGUAGE_STANDARD = gnu99;
				GCC_WARN_ABOUT_RETURN_TYPE = YES;
				GCC_WARN_UNINITIALIZED_AUTOS = YES;
				GCC_WARN_UNUSED_VARIABLE = YES;
				IPHONEOS_DEPLOYMENT_TARGET = 6.1;
				OTHER_CFLAGS = "-DNS_BLOCK_ASSERTIONS=1";
				SDKROOT = iphoneos;
				VALIDATE_PRODUCT = YES;
			};
			name = Release;
		};
		02AA3CF617DA2ED200EC125D /* Debug */ = {
			isa = XCBuildConfiguration;
			baseConfigurationReference = F98B339802ED4CFEA904D540 /* Pods.xcconfig */;
			buildSettings = {
				GCC_PRECOMPILE_PREFIX_HEADER = YES;
				GCC_PREFIX_HEADER = "ipapp/ipapp-Prefix.pch";
				INFOPLIST_FILE = "ipapp/ipapp-Info.plist";
				PRODUCT_NAME = "$(TARGET_NAME)";
				WRAPPER_EXTENSION = app;
			};
			name = Debug;
		};
		02AA3CF717DA2ED200EC125D /* Release */ = {
			isa = XCBuildConfiguration;
			baseConfigurationReference = F98B339802ED4CFEA904D540 /* Pods.xcconfig */;
			buildSettings = {
				GCC_PRECOMPILE_PREFIX_HEADER = YES;
				GCC_PREFIX_HEADER = "ipapp/ipapp-Prefix.pch";
				INFOPLIST_FILE = "ipapp/ipapp-Info.plist";
				PRODUCT_NAME = "$(TARGET_NAME)";
				WRAPPER_EXTENSION = app;
			};
			name = Release;
		};
/* End XCBuildConfiguration section */

/* Begin XCConfigurationList section */
		02AA3CD317DA2ED200EC125D /* Build configuration list for PBXProject "ipapp" */ = {
			isa = XCConfigurationList;
			buildConfigurations = (
				02AA3CF317DA2ED200EC125D /* Debug */,
				02AA3CF417DA2ED200EC125D /* Release */,
			);
			defaultConfigurationIsVisible = 0;
			defaultConfigurationName = Release;
		};
		02AA3CF517DA2ED200EC125D /* Build configuration list for PBXNativeTarget "ipapp" */ = {
			isa = XCConfigurationList;
			buildConfigurations = (
				02AA3CF617DA2ED200EC125D /* Debug */,
				02AA3CF717DA2ED200EC125D /* Release */,
			);
			defaultConfigurationIsVisible = 0;
			defaultConfigurationName = Release;
		};
/* End XCConfigurationList section */
	};
	rootObject = 02AA3CD017DA2ED200EC125D /* Project object */;
}
